Microsoft Visual Studio Solution File, Format Version 11.00
# Visual Studio 2008

Project("{DD7D6586-B0DA-F724-08F6-DFB79C2BB735}") = "MovCamara", "Assembly-CSharp-firstpass.csproj", "{7088B67D-15F1-9BF7-797A-E07FD98AEFBD}"
EndProject
Project("{DD7D6586-B0DA-F724-08F6-DFB79C2BB735}") = "MovCamara", "Assembly-UnityScript-firstpass.unityproj", "{528ADB34-DD5D-7A92-442E-6A61503C6B34}"
EndProject
Global
	GlobalSection(SolutionConfigurationPlatforms) = preSolution
		Debug|Any CPU = Debug|Any CPU
		Release|Any CPU = Release|Any CPU
	EndGlobalSection
	GlobalSection(ProjectConfigurationPlatforms) = postSolution
		{7088B67D-15F1-9BF7-797A-E07FD98AEFBD}.Debug|Any CPU.ActiveCfg = Debug|Any CPU
		{7088B67D-15F1-9BF7-797A-E07FD98AEFBD}.Debug|Any CPU.Build.0 = Debug|Any CPU
		{7088B67D-15F1-9BF7-797A-E07FD98AEFBD}.Release|Any CPU.ActiveCfg = Release|Any CPU
		{7088B67D-15F1-9BF7-797A-E07FD98AEFBD}.Release|Any CPU.Build.0 = Release|Any CPU
		{528ADB34-DD5D-7A92-442E-6A61503C6B34}.Debug|Any CPU.ActiveCfg = Debug|Any CPU
		{528ADB34-DD5D-7A92-442E-6A61503C6B34}.Debug|Any CPU.Build.0 = Debug|Any CPU
		{528ADB34-DD5D-7A92-442E-6A61503C6B34}.Release|Any CPU.ActiveCfg = Release|Any CPU
		{528ADB34-DD5D-7A92-442E-6A61503C6B34}.Release|Any CPU.Build.0 = Release|Any CPU
	EndGlobalSection
	GlobalSection(SolutionProperties) = preSolution
		HideSolutionNode = FALSE
	EndGlobalSection
																																																																																																							GlobalSection(MonoDevelopProperties) = preSolution
		StartupItem = Assembly-CSharp.csproj
		Policies = $0
		$0.TextStylePolicy = $1
		$1.inheritsSet = null
		$1.scope = text/x-csharp
		$0.CSharpFormattingPolicy = $2
		$2.inheritsSet = Mono
		$2.inheritsScope = text/x-csharp
		$2.scope = text/x-csharp
		$0.TextStylePolicy = $3
		$3.FileWidth = 120
		$3.TabWidth = 4
		$3.EolMarker = Unix
		$3.inheritsSet = Mono
		$3.inheritsScope = text/plain
		$3.scope = text/plain
	EndGlobalSection

EndGlobal
